{
  "name": "@antoinepairet/now-git-dependency",
  "version": "1.0.0",
  "lockfileVersion": 1,
  "requires": true,
  "dependencies": {
    "@antoinepairet/icc-api": {
      "version": "github:antoinepairet/icc-api#4375a531e0a43be065292ff48adbc1063d4bade9",
      "from": "github:antoinepairet/icc-api#master",
      "requires": {
        "base64-js": "^1.3.0",
        "fhc-api": "github:antoinepairet/fhc-api#56c705983251b7be075b90fc5772294fa400035c",
        "libphonenumber-js": "^1.5.1",
        "lodash": "^4.17.10",
        "moment": "^2.22.1",
        "text-encoding": "^0.7.0",
        "uuid-encoder": "^1.1.0"
      }
    },
    "base64-js": {
      "version": "1.3.0",
      "resolved": "https://registry.npmjs.org/base64-js/-/base64-js-1.3.0.tgz",
      "integrity": "sha512-ccav/yGvoa80BQDljCxsmmQ3Xvx60/UpBIij5QN21W3wBi/hhIC9OoO+KLpu9IJTS9j4DRVJ3aDDF9cMSoa2lw=="
    },
    "big-integer": {
      "version": "1.6.41",
      "resolved": "https://registry.npmjs.org/big-integer/-/big-integer-1.6.41.tgz",
      "integrity": "sha512-d5AT9lMTYJ/ZE/4gzxb+5ttPcRWljVsvv7lF1w9KzkPhVUhBtHrjDo1J8swfZKepfLsliDhYa31zRYwcD0Yg9w=="
    },
    "fhc-api": {
      "version": "github:antoinepairet/fhc-api#56c705983251b7be075b90fc5772294fa400035c",
      "from": "github:antoinepairet/fhc-api#master"
    },
    "libphonenumber-js": {
      "version": "1.7.8",
      "resolved": "https://registry.npmjs.org/libphonenumber-js/-/libphonenumber-js-1.7.8.tgz",
      "integrity": "sha512-aetBci3aETmuhHVILBH0/Ly7DlmRRwcQ1BpV+iB5rl65pj3eQq7hqq3EzRFTNnYC8rPmSPOfaVt4aa4puhWwbA==",
      "requires": {
        "minimist": "^1.2.0",
        "semver-compare": "^1.0.0",
        "xml2js": "^0.4.17"
      }
    },
    "lodash": {
      "version": "4.17.11",
      "resolved": "https://registry.npmjs.org/lodash/-/lodash-4.17.11.tgz",
      "integrity": "sha512-cQKh8igo5QUhZ7lg38DYWAxMvjSAKG0A8wGSVimP07SIUEK2UO+arSRKbRZWtelMtN5V0Hkwh5ryOto/SshYIg=="
    },
    "minimist": {
      "version": "1.2.0",
      "resolved": "https://registry.npmjs.org/minimist/-/minimist-1.2.0.tgz",
      "integrity": "sha1-o1AIsg9BOD7sH7kU9M1d95omQoQ="
    },
    "moment": {
      "version": "2.24.0",
      "resolved": "https://registry.npmjs.org/moment/-/moment-2.24.0.tgz",
      "integrity": "sha512-bV7f+6l2QigeBBZSM/6yTNq4P2fNpSWj/0e7jQcy87A8e7o2nAfP/34/2ky5Vw4B9S446EtIhodAzkFCcR4dQg=="
    },
    "sax": {
      "version": "1.2.4",
      "resolved": "https://registry.npmjs.org/sax/-/sax-1.2.4.tgz",
      "integrity": "sha512-NqVDv9TpANUjFm0N8uM5GxL36UgKi9/atZw+x7YFnQ8ckwFGKrl4xX4yWtrey3UJm5nP1kUbnYgLopqWNSRhWw=="
    },
    "semver-compare": {
      "version": "1.0.0",
      "resolved": "https://registry.npmjs.org/semver-compare/-/semver-compare-1.0.0.tgz",
      "integrity": "sha1-De4hahyUGrN+nvsXiPavxf9VN/w="
    },
    "text-encoding": {
      "version": "0.7.0",
      "resolved": "https://registry.npmjs.org/text-encoding/-/text-encoding-0.7.0.tgz",
      "integrity": "sha512-oJQ3f1hrOnbRLOcwKz0Liq2IcrvDeZRHXhd9RgLrsT+DjWY/nty1Hi7v3dtkaEYbPYe0mUoOfzRrMwfXXwgPUA=="
    },
    "typescript": {
      "version": "3.3.3",
      "resolved": "https://registry.npmjs.org/typescript/-/typescript-3.3.3.tgz",
      "integrity": "sha512-Y21Xqe54TBVp+VDSNbuDYdGw0BpoR/Q6wo/+35M8PAU0vipahnyduJWirxxdxjsAkS7hue53x2zp8gz7F05u0A==",
      "dev": true
    },
    "uuid-encoder": {
      "version": "1.1.0",
      "resolved": "https://registry.npmjs.org/uuid-encoder/-/uuid-encoder-1.1.0.tgz",
      "integrity": "sha512-7KQlrUHkAYGA8bA4N1VX7C+PIaCuub8qG93S6s1Te/I78CwLiSnID+3WaCeNYKb6uj1Lqwjsf1EhBVXHZY64tQ==",
      "requires": {
        "big-integer": "^1.6.26"
      }
    },
    "xml2js": {
      "version": "0.4.19",
      "resolved": "https://registry.npmjs.org/xml2js/-/xml2js-0.4.19.tgz",
      "integrity": "sha512-esZnJZJOiJR9wWKMyuvSE1y6Dq5LCuJanqhxslH2bxM6duahNZ+HMpCLhBQGZkbX6xRf8x1Y2eJlgt2q3qo49Q==",
      "requires": {
        "sax": ">=0.6.0",
        "xmlbuilder": "~9.0.1"
      }
    },
    "xmlbuilder": {
      "version": "9.0.7",
      "resolved": "https://registry.npmjs.org/xmlbuilder/-/xmlbuilder-9.0.7.tgz",
      "integrity": "sha1-Ey7mPS7FVlxVfiD0wi35rKaGsQ0="
    }
  }
}
